{
  "name": "simplechatfrontend",
  "version": "1.0.0",
  "lockfileVersion": 1,
  "requires": true,
  "dependencies": {
    "sfs2x-api": {
      "version": "1.7.15",
      "resolved": "https://registry.npmjs.org/sfs2x-api/-/sfs2x-api-1.7.15.tgz",
      "integrity": "sha512-8pxmXmFOhZpEMY9EmrHZUGOfIjOvkv0VcPGLYhJg2JpPusx1qW3MZmRdomYsT3FhsJM9ajSQ7Q13GKeCkm9eYQ=="
    }
  }
}
